// !$*UTF8*$!
{
	archiveVersion = 1;
	classes = {
	};
	objectVersion = 46;
	objects = {

/* Begin PBXBuildFile section */
		E60CBC031536210900F8FABB /* Foundation.framework in Frameworks */ = {isa = PBXBuildFile; fileRef = E60CBC021536210900F8FABB /* Foundation.framework */; };
		E60CBC051536210900F8FABB /* UIKit.framework in Frameworks */ = {isa = PBXBuildFile; fileRef = E60CBC041536210900F8FABB /* UIKit.framework */; };
		E60CBC071536210900F8FABB /* CoreGraphics.framework in Frameworks */ = {isa = PBXBuildFile; fileRef = E60CBC061536210900F8FABB /* CoreGraphics.framework */; };
		E60CBC091536210900F8FABB /* AddressBook.framework in Frameworks */ = {isa = PBXBuildFile; fileRef = E60CBC081536210900F8FABB /* AddressBook.framework */; };
		E60CBC0B1536210900F8FABB /* AddressBookUI.framework in Frameworks */ = {isa = PBXBuildFile; fileRef = E60CBC0A1536210900F8FABB /* AddressBookUI.framework */; };
		E60CBC0D1536210900F8FABB /* AudioToolbox.framework in Frameworks */ = {isa = PBXBuildFile; fileRef = E60CBC0C1536210900F8FABB /* AudioToolbox.framework */; };
		E60CBC0F1536210900F8FABB /* AVFoundation.framework in Frameworks */ = {isa = PBXBuildFile; fileRef = E60CBC0E1536210900F8FABB /* AVFoundation.framework */; };
		E60CBC111536210900F8FABB /* CoreLocation.framework in Frameworks */ = {isa = PBXBuildFile; fileRef = E60CBC101536210900F8FABB /* CoreLocation.framework */; };
		E60CBC131536210900F8FABB /* MediaPlayer.framework in Frameworks */ = {isa = PBXBuildFile; fileRef = E60CBC121536210900F8FABB /* MediaPlayer.framework */; };
		E60CBC151536210900F8FABB /* QuartzCore.framework in Frameworks */ = {isa = PBXBuildFile; fileRef = E60CBC141536210900F8FABB /* QuartzCore.framework */; };
		E60CBC171536210900F8FABB /* SystemConfiguration.framework in Frameworks */ = {isa = PBXBuildFile; fileRef = E60CBC161536210900F8FABB /* SystemConfiguration.framework */; };
		E60CBC191536210900F8FABB /* MobileCoreServices.framework in Frameworks */ = {isa = PBXBuildFile; fileRef = E60CBC181536210900F8FABB /* MobileCoreServices.framework */; };
		E60CBC1B1536210900F8FABB /* CoreMedia.framework in Frameworks */ = {isa = PBXBuildFile; fileRef = E60CBC1A1536210900F8FABB /* CoreMedia.framework */; };
		E60CBC211536210900F8FABB /* InfoPlist.strings in Resources */ = {isa = PBXBuildFile; fileRef = E60CBC1F1536210900F8FABB /* InfoPlist.strings */; };
		E60CBC231536210900F8FABB /* main.m in Sources */ = {isa = PBXBuildFile; fileRef = E60CBC221536210900F8FABB /* main.m */; };
		E60CBC261536210900F8FABB /* Cordova.framework in Frameworks */ = {isa = PBXBuildFile; fileRef = E60CBC251536210900F8FABB /* Cordova.framework */; };
		E60CBC2B1536210900F8FABB /* Localizable.strings in Resources */ = {isa = PBXBuildFile; fileRef = E60CBC291536210900F8FABB /* Localizable.strings */; };
		E60CBC2F1536210900F8FABB /* Localizable.strings in Resources */ = {isa = PBXBuildFile; fileRef = E60CBC2D1536210900F8FABB /* Localizable.strings */; };
		E60CBC331536210900F8FABB /* Localizable.strings in Resources */ = {isa = PBXBuildFile; fileRef = E60CBC311536210900F8FABB /* Localizable.strings */; };
		E60CBC371536210900F8FABB /* Localizable.strings in Resources */ = {isa = PBXBuildFile; fileRef = E60CBC351536210900F8FABB /* Localizable.strings */; };
		E60CBC3A1536210900F8FABB /* icon.png in Resources */ = {isa = PBXBuildFile; fileRef = E60CBC391536210900F8FABB /* icon.png */; };
		E60CBC3C1536210900F8FABB /* icon@2x.png in Resources */ = {isa = PBXBuildFile; fileRef = E60CBC3B1536210900F8FABB /* icon@2x.png */; };
		E60CBC3E1536210900F8FABB /* icon-72.png in Resources */ = {isa = PBXBuildFile; fileRef = E60CBC3D1536210900F8FABB /* icon-72.png */; };
		E60CBC411536210900F8FABB /* Default.png in Resources */ = {isa = PBXBuildFile; fileRef = E60CBC401536210900F8FABB /* Default.png */; };
		E60CBC431536210900F8FABB /* Default@2x.png in Resources */ = {isa = PBXBuildFile; fileRef = E60CBC421536210900F8FABB /* Default@2x.png */; };
		E60CBC451536210900F8FABB /* Capture.bundle in Resources */ = {isa = PBXBuildFile; fileRef = E60CBC441536210900F8FABB /* Capture.bundle */; };
		E60CBC471536210900F8FABB /* Cordova.plist in Resources */ = {isa = PBXBuildFile; fileRef = E60CBC461536210900F8FABB /* Cordova.plist */; };
		E60CBC4B1536210900F8FABB /* AppDelegate.m in Sources */ = {isa = PBXBuildFile; fileRef = E60CBC4A1536210900F8FABB /* AppDelegate.m */; };
		E60CBC4E1536210900F8FABB /* MainViewController.m in Sources */ = {isa = PBXBuildFile; fileRef = E60CBC4D1536210900F8FABB /* MainViewController.m */; };
		E60CBC501536210900F8FABB /* MainViewController.xib in Resources */ = {isa = PBXBuildFile; fileRef = E60CBC4F1536210900F8FABB /* MainViewController.xib */; };
		E60CBC541536210900F8FABB /* verify.sh in Resources */ = {isa = PBXBuildFile; fileRef = E60CBC531536210900F8FABB /* verify.sh */; };
		E60CBC5B153621DD00F8FABB /* www in Resources */ = {isa = PBXBuildFile; fileRef = E60CBC5A153621DD00F8FABB /* www */; };
/* End PBXBuildFile section */

/* Begin PBXFileReference section */
		E60CBBFE1536210900F8FABB /* senchademo.app */ = {isa = PBXFileReference; explicitFileType = wrapper.application; includeInIndex = 0; path = senchademo.app; sourceTree = BUILT_PRODUCTS_DIR; };
		E60CBC021536210900F8FABB /* Foundation.framework */ = {isa = PBXFileReference; lastKnownFileType = wrapper.framework; name = Foundation.framework; path = System/Library/Frameworks/Foundation.framework; sourceTree = SDKROOT; };
		E60CBC041536210900F8FABB /* UIKit.framework */ = {isa = PBXFileReference; lastKnownFileType = wrapper.framework; name = UIKit.framework; path = System/Library/Frameworks/UIKit.framework; sourceTree = SDKROOT; };
		E60CBC061536210900F8FABB /* CoreGraphics.framework */ = {isa = PBXFileReference; lastKnownFileType = wrapper.framework; name = CoreGraphics.framework; path = System/Library/Frameworks/CoreGraphics.framework; sourceTree = SDKROOT; };
		E60CBC081536210900F8FABB /* AddressBook.framework */ = {isa = PBXFileReference; lastKnownFileType = wrapper.framework; name = AddressBook.framework; path = System/Library/Frameworks/AddressBook.framework; sourceTree = SDKROOT; };
		E60CBC0A1536210900F8FABB /* AddressBookUI.framework */ = {isa = PBXFileReference; lastKnownFileType = wrapper.framework; name = AddressBookUI.framework; path = System/Library/Frameworks/AddressBookUI.framework; sourceTree = SDKROOT; };
		E60CBC0C1536210900F8FABB /* AudioToolbox.framework */ = {isa = PBXFileReference; lastKnownFileType = wrapper.framework; name = AudioToolbox.framework; path = System/Library/Frameworks/AudioToolbox.framework; sourceTree = SDKROOT; };
		E60CBC0E1536210900F8FABB /* AVFoundation.framework */ = {isa = PBXFileReference; lastKnownFileType = wrapper.framework; name = AVFoundation.framework; path = System/Library/Frameworks/AVFoundation.framework; sourceTree = SDKROOT; };
		E60CBC101536210900F8FABB /* CoreLocation.framework */ = {isa = PBXFileReference; lastKnownFileType = wrapper.framework; name = CoreLocation.framework; path = System/Library/Frameworks/CoreLocation.framework; sourceTree = SDKROOT; };
		E60CBC121536210900F8FABB /* MediaPlayer.framework */ = {isa = PBXFileReference; lastKnownFileType = wrapper.framework; name = MediaPlayer.framework; path = System/Library/Frameworks/MediaPlayer.framework; sourceTree = SDKROOT; };
		E60CBC141536210900F8FABB /* QuartzCore.framework */ = {isa = PBXFileReference; lastKnownFileType = wrapper.framework; name = QuartzCore.framework; path = System/Library/Frameworks/QuartzCore.framework; sourceTree = SDKROOT; };
		E60CBC161536210900F8FABB /* SystemConfiguration.framework */ = {isa = PBXFileReference; lastKnownFileType = wrapper.framework; name = SystemConfiguration.framework; path = System/Library/Frameworks/SystemConfiguration.framework; sourceTree = SDKROOT; };
		E60CBC181536210900F8FABB /* MobileCoreServices.framework */ = {isa = PBXFileReference; lastKnownFileType = wrapper.framework; name = MobileCoreServices.framework; path = System/Library/Frameworks/MobileCoreServices.framework; sourceTree = SDKROOT; };
		E60CBC1A1536210900F8FABB /* CoreMedia.framework */ = {isa = PBXFileReference; lastKnownFileType = wrapper.framework; name = CoreMedia.framework; path = System/Library/Frameworks/CoreMedia.framework; sourceTree = SDKROOT; };
		E60CBC1E1536210900F8FABB /* senchademo-Info.plist */ = {isa = PBXFileReference; lastKnownFileType = text.plist.xml; path = "senchademo-Info.plist"; sourceTree = "<group>"; };
		E60CBC201536210900F8FABB /* en */ = {isa = PBXFileReference; lastKnownFileType = text.plist.strings; name = en; path = en.lproj/InfoPlist.strings; sourceTree = "<group>"; };
		E60CBC221536210900F8FABB /* main.m */ = {isa = PBXFileReference; lastKnownFileType = sourcecode.c.objc; path = main.m; sourceTree = "<group>"; };
		E60CBC241536210900F8FABB /* senchademo-Prefix.pch */ = {isa = PBXFileReference; lastKnownFileType = sourcecode.c.h; path = "senchademo-Prefix.pch"; sourceTree = "<group>"; };
		E60CBC251536210900F8FABB /* Cordova.framework */ = {isa = PBXFileReference; lastKnownFileType = wrapper.framework; name = Cordova.framework; path = /Users/Shared/Cordova/Frameworks/Cordova.framework; sourceTree = "<absolute>"; };
		E60CBC2A1536210900F8FABB /* en */ = {isa = PBXFileReference; lastKnownFileType = text.plist.strings; name = en; path = Resources/en.lproj/Localizable.strings; sourceTree = "<group>"; };
		E60CBC2E1536210900F8FABB /* es */ = {isa = PBXFileReference; lastKnownFileType = text.plist.strings; name = es; path = Resources/es.lproj/Localizable.strings; sourceTree = "<group>"; };
		E60CBC321536210900F8FABB /* de */ = {isa = PBXFileReference; lastKnownFileType = text.plist.strings; name = de; path = Resources/de.lproj/Localizable.strings; sourceTree = "<group>"; };
		E60CBC361536210900F8FABB /* se */ = {isa = PBXFileReference; lastKnownFileType = text.plist.strings; name = se; path = Resources/se.lproj/Localizable.strings; sourceTree = "<group>"; };
		E60CBC391536210900F8FABB /* icon.png */ = {isa = PBXFileReference; lastKnownFileType = image.png; name = icon.png; path = Resources/icons/icon.png; sourceTree = "<group>"; };
		E60CBC3B1536210900F8FABB /* icon@2x.png */ = {isa = PBXFileReference; lastKnownFileType = image.png; name = "icon@2x.png"; path = "Resources/icons/icon@2x.png"; sourceTree = "<group>"; };
		E60CBC3D1536210900F8FABB /* icon-72.png */ = {isa = PBXFileReference; lastKnownFileType = image.png; name = "icon-72.png"; path = "Resources/icons/icon-72.png"; sourceTree = "<group>"; };
		E60CBC401536210900F8FABB /* Default.png */ = {isa = PBXFileReference; lastKnownFileType = image.png; name = Default.png; path = Resources/splash/Default.png; sourceTree = "<group>"; };
		E60CBC421536210900F8FABB /* Default@2x.png */ = {isa = PBXFileReference; lastKnownFileType = image.png; name = "Default@2x.png"; path = "Resources/splash/Default@2x.png"; sourceTree = "<group>"; };
		E60CBC441536210900F8FABB /* Capture.bundle */ = {isa = PBXFileReference; lastKnownFileType = "wrapper.plug-in"; name = Capture.bundle; path = Resources/Capture.bundle; sourceTree = "<group>"; };
		E60CBC461536210900F8FABB /* Cordova.plist */ = {isa = PBXFileReference; lastKnownFileType = text.plist.xml; path = Cordova.plist; sourceTree = "<group>"; };
		E60CBC491536210900F8FABB /* AppDelegate.h */ = {isa = PBXFileReference; lastKnownFileType = sourcecode.c.h; name = AppDelegate.h; path = Classes/AppDelegate.h; sourceTree = "<group>"; };
		E60CBC4A1536210900F8FABB /* AppDelegate.m */ = {isa = PBXFileReference; lastKnownFileType = sourcecode.c.objc; name = AppDelegate.m; path = Classes/AppDelegate.m; sourceTree = "<group>"; };
		E60CBC4C1536210900F8FABB /* MainViewController.h */ = {isa = PBXFileReference; lastKnownFileType = sourcecode.c.h; name = MainViewController.h; path = Classes/MainViewController.h; sourceTree = "<group>"; };
		E60CBC4D1536210900F8FABB /* MainViewController.m */ = {isa = PBXFileReference; lastKnownFileType = sourcecode.c.objc; name = MainViewController.m; path = Classes/MainViewController.m; sourceTree = "<group>"; };
		E60CBC4F1536210900F8FABB /* MainViewController.xib */ = {isa = PBXFileReference; lastKnownFileType = file.xib; name = MainViewController.xib; path = Classes/MainViewController.xib; sourceTree = "<group>"; };
		E60CBC521536210900F8FABB /* README */ = {isa = PBXFileReference; lastKnownFileType = text; name = README; path = Plugins/README; sourceTree = "<group>"; };
		E60CBC531536210900F8FABB /* verify.sh */ = {isa = PBXFileReference; lastKnownFileType = text.script.sh; path = verify.sh; sourceTree = "<group>"; };
		E60CBC5A153621DD00F8FABB /* www */ = {isa = PBXFileReference; lastKnownFileType = folder; name = www; path = ../exampleapp/assets/www; sourceTree = "<group>"; };
/* End PBXFileReference section */

/* Begin PBXFrameworksBuildPhase section */
		E60CBBF81536210900F8FABB /* Frameworks */ = {
			isa = PBXFrameworksBuildPhase;
			buildActionMask = 2147483647;
			files = (
				E60CBC031536210900F8FABB /* Foundation.framework in Frameworks */,
				E60CBC051536210900F8FABB /* UIKit.framework in Frameworks */,
				E60CBC071536210900F8FABB /* CoreGraphics.framework in Frameworks */,
				E60CBC091536210900F8FABB /* AddressBook.framework in Frameworks */,
				E60CBC0B1536210900F8FABB /* AddressBookUI.framework in Frameworks */,
				E60CBC0D1536210900F8FABB /* AudioToolbox.framework in Frameworks */,
				E60CBC0F1536210900F8FABB /* AVFoundation.framework in Frameworks */,
				E60CBC111536210900F8FABB /* CoreLocation.framework in Frameworks */,
				E60CBC131536210900F8FABB /* MediaPlayer.framework in Frameworks */,
				E60CBC151536210900F8FABB /* QuartzCore.framework in Frameworks */,
				E60CBC171536210900F8FABB /* SystemConfiguration.framework in Frameworks */,
				E60CBC191536210900F8FABB /* MobileCoreServices.framework in Frameworks */,
				E60CBC1B1536210900F8FABB /* CoreMedia.framework in Frameworks */,
				E60CBC261536210900F8FABB /* Cordova.framework in Frameworks */,
			);
			runOnlyForDeploymentPostprocessing = 0;
		};
		E60CBBFB1536210900F8FABB /* Frameworks */ = {
			isa = PBXFrameworksBuildPhase;
			buildActionMask = 2147483647;
			files = (
			);
			runOnlyForDeploymentPostprocessing = 0;
		};
/* End PBXFrameworksBuildPhase section */

/* Begin PBXGroup section */
		E60CBBF01536210900F8FABB = {
			isa = PBXGroup;
			children = (
				E60CBC5A153621DD00F8FABB /* www */,
				E60CBC1C1536210900F8FABB /* senchademo */,
				E60CBC011536210900F8FABB /* Frameworks */,
				E60CBBFF1536210900F8FABB /* Products */,
			);
			sourceTree = "<group>";
		};
		E60CBBFF1536210900F8FABB /* Products */ = {
			isa = PBXGroup;
			children = (
				E60CBBFE1536210900F8FABB /* senchademo.app */,
			);
			name = Products;
			sourceTree = "<group>";
		};
		E60CBC011536210900F8FABB /* Frameworks */ = {
			isa = PBXGroup;
			children = (
				E60CBC021536210900F8FABB /* Foundation.framework */,
				E60CBC041536210900F8FABB /* UIKit.framework */,
				E60CBC061536210900F8FABB /* CoreGraphics.framework */,
				E60CBC081536210900F8FABB /* AddressBook.framework */,
				E60CBC0A1536210900F8FABB /* AddressBookUI.framework */,
				E60CBC0C1536210900F8FABB /* AudioToolbox.framework */,
				E60CBC0E1536210900F8FABB /* AVFoundation.framework */,
				E60CBC101536210900F8FABB /* CoreLocation.framework */,
				E60CBC121536210900F8FABB /* MediaPlayer.framework */,
				E60CBC141536210900F8FABB /* QuartzCore.framework */,
				E60CBC161536210900F8FABB /* SystemConfiguration.framework */,
				E60CBC181536210900F8FABB /* MobileCoreServices.framework */,
				E60CBC1A1536210900F8FABB /* CoreMedia.framework */,
			);
			name = Frameworks;
			sourceTree = "<group>";
		};
		E60CBC1C1536210900F8FABB /* senchademo */ = {
			isa = PBXGroup;
			children = (
				E60CBC251536210900F8FABB /* Cordova.framework */,
				E60CBC271536210900F8FABB /* Resources */,
				E60CBC481536210900F8FABB /* Classes */,
				E60CBC511536210900F8FABB /* Plugins */,
				E60CBC1D1536210900F8FABB /* Supporting Files */,
			);
			path = senchademo;
			sourceTree = "<group>";
		};
		E60CBC1D1536210900F8FABB /* Supporting Files */ = {
			isa = PBXGroup;
			children = (
				E60CBC1E1536210900F8FABB /* senchademo-Info.plist */,
				E60CBC1F1536210900F8FABB /* InfoPlist.strings */,
				E60CBC221536210900F8FABB /* main.m */,
				E60CBC241536210900F8FABB /* senchademo-Prefix.pch */,
				E60CBC461536210900F8FABB /* Cordova.plist */,
				E60CBC4F1536210900F8FABB /* MainViewController.xib */,
				E60CBC531536210900F8FABB /* verify.sh */,
			);
			name = "Supporting Files";
			sourceTree = "<group>";
		};
		E60CBC271536210900F8FABB /* Resources */ = {
			isa = PBXGroup;
			children = (
				E60CBC441536210900F8FABB /* Capture.bundle */,
				E60CBC281536210900F8FABB /* en.lproj */,
				E60CBC2C1536210900F8FABB /* es.lproj */,
				E60CBC301536210900F8FABB /* de.lproj */,
				E60CBC341536210900F8FABB /* se.lproj */,
				E60CBC381536210900F8FABB /* icons */,
				E60CBC3F1536210900F8FABB /* splash */,
			);
			name = Resources;
			sourceTree = "<group>";
		};
		E60CBC281536210900F8FABB /* en.lproj */ = {
			isa = PBXGroup;
			children = (
				E60CBC291536210900F8FABB /* Localizable.strings */,
			);
			name = en.lproj;
			sourceTree = "<group>";
		};
		E60CBC2C1536210900F8FABB /* es.lproj */ = {
			isa = PBXGroup;
			children = (
				E60CBC2D1536210900F8FABB /* Localizable.strings */,
			);
			name = es.lproj;
			sourceTree = "<group>";
		};
		E60CBC301536210900F8FABB /* de.lproj */ = {
			isa = PBXGroup;
			children = (
				E60CBC311536210900F8FABB /* Localizable.strings */,
			);
			name = de.lproj;
			sourceTree = "<group>";
		};
		E60CBC341536210900F8FABB /* se.lproj */ = {
			isa = PBXGroup;
			children = (
				E60CBC351536210900F8FABB /* Localizable.strings */,
			);
			name = se.lproj;
			sourceTree = "<group>";
		};
		E60CBC381536210900F8FABB /* icons */ = {
			isa = PBXGroup;
			children = (
				E60CBC391536210900F8FABB /* icon.png */,
				E60CBC3B1536210900F8FABB /* icon@2x.png */,
				E60CBC3D1536210900F8FABB /* icon-72.png */,
			);
			name = icons;
			sourceTree = "<group>";
		};
		E60CBC3F1536210900F8FABB /* splash */ = {
			isa = PBXGroup;
			children = (
				E60CBC401536210900F8FABB /* Default.png */,
				E60CBC421536210900F8FABB /* Default@2x.png */,
			);
			name = splash;
			sourceTree = "<group>";
		};
		E60CBC481536210900F8FABB /* Classes */ = {
			isa = PBXGroup;
			children = (
				E60CBC491536210900F8FABB /* AppDelegate.h */,
				E60CBC4A1536210900F8FABB /* AppDelegate.m */,
				E60CBC4C1536210900F8FABB /* MainViewController.h */,
				E60CBC4D1536210900F8FABB /* MainViewController.m */,
			);
			name = Classes;
			sourceTree = "<group>";
		};
		E60CBC511536210900F8FABB /* Plugins */ = {
			isa = PBXGroup;
			children = (
				E60CBC521536210900F8FABB /* README */,
			);
			name = Plugins;
			sourceTree = "<group>";
		};
/* End PBXGroup section */

/* Begin PBXNativeTarget section */
		E60CBBFD1536210900F8FABB /* senchademo */ = {
			isa = PBXNativeTarget;
			buildConfigurationList = E60CBC571536210900F8FABB /* Build configuration list for PBXNativeTarget "senchademo" */;
			buildPhases = (
				E60CBBF71536210900F8FABB /* Sources */,
				E60CBBF81536210900F8FABB /* Frameworks */,
				E60CBBF91536210900F8FABB /* Resources */,
				E60CBBFA1536210900F8FABB /* Sources */,
				E60CBBFB1536210900F8FABB /* Frameworks */,
				E60CBBFC1536210900F8FABB /* ShellScript */,
			);
			buildRules = (
			);
			dependencies = (
			);
			name = senchademo;
			productName = senchademo;
			productReference = E60CBBFE1536210900F8FABB /* senchademo.app */;
			productType = "com.apple.product-type.application";
		};
/* End PBXNativeTarget section */

/* Begin PBXProject section */
		E60CBBF21536210900F8FABB /* Project object */ = {
			isa = PBXProject;
			buildConfigurationList = E60CBBF51536210900F8FABB /* Build configuration list for PBXProject "senchademo" */;
			compatibilityVersion = "Xcode 3.2";
			developmentRegion = English;
			hasScannedForEncodings = 0;
			knownRegions = (
				en,
				es,
				de,
				se,
			);
			mainGroup = E60CBBF01536210900F8FABB;
			productRefGroup = E60CBBFF1536210900F8FABB /* Products */;
			projectDirPath = "";
			projectRoot = "";
			targets = (
				E60CBBFD1536210900F8FABB /* senchademo */,
			);
		};
/* End PBXProject section */

/* Begin PBXResourcesBuildPhase section */
		E60CBBF91536210900F8FABB /* Resources */ = {
			isa = PBXResourcesBuildPhase;
			buildActionMask = 2147483647;
			files = (
				E60CBC211536210900F8FABB /* InfoPlist.strings in Resources */,
				E60CBC2B1536210900F8FABB /* Localizable.strings in Resources */,
				E60CBC2F1536210900F8FABB /* Localizable.strings in Resources */,
				E60CBC331536210900F8FABB /* Localizable.strings in Resources */,
				E60CBC371536210900F8FABB /* Localizable.strings in Resources */,
				E60CBC3A1536210900F8FABB /* icon.png in Resources */,
				E60CBC3C1536210900F8FABB /* icon@2x.png in Resources */,
				E60CBC3E1536210900F8FABB /* icon-72.png in Resources */,
				E60CBC411536210900F8FABB /* Default.png in Resources */,
				E60CBC431536210900F8FABB /* Default@2x.png in Resources */,
				E60CBC451536210900F8FABB /* Capture.bundle in Resources */,
				E60CBC471536210900F8FABB /* Cordova.plist in Resources */,
				E60CBC501536210900F8FABB /* MainViewController.xib in Resources */,
				E60CBC541536210900F8FABB /* verify.sh in Resources */,
				E60CBC5B153621DD00F8FABB /* www in Resources */,
			);
			runOnlyForDeploymentPostprocessing = 0;
		};
/* End PBXResourcesBuildPhase section */

/* Begin PBXShellScriptBuildPhase section */
		E60CBBFC1536210900F8FABB /* ShellScript */ = {
			isa = PBXShellScriptBuildPhase;
			buildActionMask = 2147483647;
			files = (
			);
			inputPaths = (
			);
			outputPaths = (
			);
			runOnlyForDeploymentPostprocessing = 0;
			shellPath = /bin/bash;
			shellScript = "\n\t\t\t\t\t\t\t\tchmod 755 $PROJECT_DIR/$PROJECT_NAME/verify.sh\n\t\t\t\t\t\t\t\t$PROJECT_DIR/$PROJECT_NAME/verify.sh\n\t\t\t\t\t";
		};
/* End PBXShellScriptBuildPhase section */

/* Begin PBXSourcesBuildPhase section */
		E60CBBF71536210900F8FABB /* Sources */ = {
			isa = PBXSourcesBuildPhase;
			buildActionMask = 2147483647;
			files = (
				E60CBC231536210900F8FABB /* main.m in Sources */,
				E60CBC4B1536210900F8FABB /* AppDelegate.m in Sources */,
				E60CBC4E1536210900F8FABB /* MainViewController.m in Sources */,
			);
			runOnlyForDeploymentPostprocessing = 0;
		};
		E60CBBFA1536210900F8FABB /* Sources */ = {
			isa = PBXSourcesBuildPhase;
			buildActionMask = 2147483647;
			files = (
			);
			runOnlyForDeploymentPostprocessing = 0;
		};
/* End PBXSourcesBuildPhase section */

/* Begin PBXVariantGroup section */
		E60CBC1F1536210900F8FABB /* InfoPlist.strings */ = {
			isa = PBXVariantGroup;
			children = (
				E60CBC201536210900F8FABB /* en */,
			);
			name = InfoPlist.strings;
			sourceTree = "<group>";
		};
		E60CBC291536210900F8FABB /* Localizable.strings */ = {
			isa = PBXVariantGroup;
			children = (
				E60CBC2A1536210900F8FABB /* en */,
			);
			name = Localizable.strings;
			sourceTree = "<group>";
		};
		E60CBC2D1536210900F8FABB /* Localizable.strings */ = {
			isa = PBXVariantGroup;
			children = (
				E60CBC2E1536210900F8FABB /* es */,
			);
			name = Localizable.strings;
			sourceTree = "<group>";
		};
		E60CBC311536210900F8FABB /* Localizable.strings */ = {
			isa = PBXVariantGroup;
			children = (
				E60CBC321536210900F8FABB /* de */,
			);
			name = Localizable.strings;
			sourceTree = "<group>";
		};
		E60CBC351536210900F8FABB /* Localizable.strings */ = {
			isa = PBXVariantGroup;
			children = (
				E60CBC361536210900F8FABB /* se */,
			);
			name = Localizable.strings;
			sourceTree = "<group>";
		};
/* End PBXVariantGroup section */

/* Begin XCBuildConfiguration section */
		E60CBC551536210900F8FABB /* Debug */ = {
			isa = XCBuildConfiguration;
			buildSettings = {
				ALWAYS_SEARCH_USER_PATHS = NO;
				ARCHS = (
					armv6,
					"$(ARCHS_STANDARD_32_BIT)",
				);
				"CODE_SIGN_IDENTITY[sdk=iphoneos*]" = "iPhone Developer";
				COPY_PHASE_STRIP = NO;
				GCC_C_LANGUAGE_STANDARD = gnu99;
				GCC_DYNAMIC_NO_PIC = NO;
				GCC_OPTIMIZATION_LEVEL = 0;
				GCC_PREPROCESSOR_DEFINITIONS = (
					"DEBUG=1",
					"$(inherited)",
				);
				GCC_SYMBOLS_PRIVATE_EXTERN = NO;
				GCC_VERSION = com.apple.compilers.llvm.clang.1_0;
				GCC_WARN_ABOUT_MISSING_PROTOTYPES = YES;
				GCC_WARN_ABOUT_RETURN_TYPE = YES;
				GCC_WARN_UNUSED_VARIABLE = YES;
				IPHONEOS_DEPLOYMENT_TARGET = 3.0;
				SDKROOT = iphoneos;
			};
			name = Debug;
		};
		E60CBC561536210900F8FABB /* Release */ = {
			isa = XCBuildConfiguration;
			buildSettings = {
				ALWAYS_SEARCH_USER_PATHS = NO;
				ARCHS = (
					armv6,
					"$(ARCHS_STANDARD_32_BIT)",
				);
				"CODE_SIGN_IDENTITY[sdk=iphoneos*]" = "iPhone Developer";
				COPY_PHASE_STRIP = YES;
				GCC_C_LANGUAGE_STANDARD = gnu99;
				GCC_VERSION = com.apple.compilers.llvm.clang.1_0;
				GCC_WARN_ABOUT_MISSING_PROTOTYPES = YES;
				GCC_WARN_ABOUT_RETURN_TYPE = YES;
				GCC_WARN_UNUSED_VARIABLE = YES;
				IPHONEOS_DEPLOYMENT_TARGET = 3.0;
				SDKROOT = iphoneos;
				VALIDATE_PRODUCT = YES;
			};
			name = Release;
		};
		E60CBC581536210900F8FABB /* Debug */ = {
			isa = XCBuildConfiguration;
			buildSettings = {
				ALWAYS_SEARCH_USER_PATHS = YES;
				COPY_PHASE_STRIP = NO;
				FRAMEWORK_SEARCH_PATHS = /Users/Shared/Cordova/Frameworks;
				GCC_DYNAMIC_NO_PIC = NO;
				GCC_PRECOMPILE_PREFIX_HEADER = YES;
				GCC_PREFIX_HEADER = "senchademo/senchademo-Prefix.pch";
				GCC_PREPROCESSOR_DEFINITIONS = (
					"DEBUG=1,",
					"CORDOVA_FRAMEWORK=1",
				);
				INFOPLIST_FILE = "senchademo/senchademo-Info.plist";
				OTHER_LDFLAGS = (
					"-weak_framework",
					UIKit,
					"-weak_framework",
					AVFoundation,
					"-weak_framework",
					CoreMedia,
					"-weak_library",
					/usr/lib/libSystem.B.dylib,
				);
				PRODUCT_NAME = "$(TARGET_NAME)";
				TARGETED_DEVICE_FAMILY = "1,2";
				WRAPPER_EXTENSION = app;
			};
			name = Debug;
		};
		E60CBC591536210900F8FABB /* Release */ = {
			isa = XCBuildConfiguration;
			buildSettings = {
				ALWAYS_SEARCH_USER_PATHS = YES;
				COPY_PHASE_STRIP = YES;
				DEBUG_INFORMATION_FORMAT = "dwarf-with-dsym";
				FRAMEWORK_SEARCH_PATHS = /Users/Shared/Cordova/Frameworks;
				GCC_PRECOMPILE_PREFIX_HEADER = YES;
				GCC_PREFIX_HEADER = "senchademo/senchademo-Prefix.pch";
				GCC_PREPROCESSOR_DEFINITIONS = (
					"NDEBUG=1,",
					"CORDOVA_FRAMEWORK=1",
				);
				INFOPLIST_FILE = "senchademo/senchademo-Info.plist";
				OTHER_LDFLAGS = (
					"-weak_framework",
					UIKit,
					"-weak_framework",
					AVFoundation,
					"-weak_framework",
					CoreMedia,
					"-weak_library",
					/usr/lib/libSystem.B.dylib,
				);
				PRODUCT_NAME = "$(TARGET_NAME)";
				TARGETED_DEVICE_FAMILY = "1,2";
				VALIDATE_PRODUCT = YES;
				WRAPPER_EXTENSION = app;
			};
			name = Release;
		};
/* End XCBuildConfiguration section */

/* Begin XCConfigurationList section */
		E60CBBF51536210900F8FABB /* Build configuration list for PBXProject "senchademo" */ = {
			isa = XCConfigurationList;
			buildConfigurations = (
				E60CBC551536210900F8FABB /* Debug */,
				E60CBC561536210900F8FABB /* Release */,
			);
			defaultConfigurationIsVisible = 0;
			defaultConfigurationName = Release;
		};
		E60CBC571536210900F8FABB /* Build configuration list for PBXNativeTarget "senchademo" */ = {
			isa = XCConfigurationList;
			buildConfigurations = (
				E60CBC581536210900F8FABB /* Debug */,
				E60CBC591536210900F8FABB /* Release */,
			);
			defaultConfigurationIsVisible = 0;
		};
/* End XCConfigurationList section */
	};
	rootObject = E60CBBF21536210900F8FABB /* Project object */;
}
